
Microsoft Visual Studio Solution File, Format Version 12.00
# Visual Studio Version 17
VisualStudioVersion = 17.2.32630.192
MinimumVisualStudioVersion = 10.0.40219.1
Project("{FAE04EC0-301F-11D3-BF4B-00C04F79EFBC}") = "assignmentDay2", "assignmentDay2\assignmentDay2.csproj", "{7536DA39-FEDC-40F3-9857-2CE356E401A2}"
EndProject
Global
	GlobalSection(SolutionConfigurationPlatforms) = preSolution
		Debug|Any CPU = Debug|Any CPU
		Release|Any CPU = Release|Any CPU
	EndGlobalSection
	GlobalSection(ProjectConfigurationPlatforms) = postSolution
		{7536DA39-FEDC-40F3-9857-2CE356E401A2}.Debug|Any CPU.ActiveCfg = Debug|Any CPU
		{7536DA39-FEDC-40F3-9857-2CE356E401A2}.Debug|Any CPU.Build.0 = Debug|Any CPU
		{7536DA39-FEDC-40F3-9857-2CE356E401A2}.Release|Any CPU.ActiveCfg = Release|Any CPU
		{7536DA39-FEDC-40F3-9857-2CE356E401A2}.Release|Any CPU.Build.0 = Release|Any CPU
	EndGlobalSection
	GlobalSection(SolutionProperties) = preSolution
		HideSolutionNode = FALSE
	EndGlobalSection
	GlobalSection(ExtensibilityGlobals) = postSolution
		SolutionGuid = {9781A37B-BF4D-43D2-93FF-4366238024DC}
	EndGlobalSection
EndGlobal
