
Microsoft Visual Studio Solution File, Format Version 12.00
# Visual Studio Version 17
VisualStudioVersion = 17.2.32630.192
MinimumVisualStudioVersion = 10.0.40219.1
Project("{FAE04EC0-301F-11D3-BF4B-00C04F79EFBC}") = "project", "project\project.csproj", "{B6858F28-B1EE-4D23-832B-C523DA00DA7C}"
EndProject
Global
	GlobalSection(SolutionConfigurationPlatforms) = preSolution
		Debug|Any CPU = Debug|Any CPU
		Release|Any CPU = Release|Any CPU
	EndGlobalSection
	GlobalSection(ProjectConfigurationPlatforms) = postSolution
		{B6858F28-B1EE-4D23-832B-C523DA00DA7C}.Debug|Any CPU.ActiveCfg = Debug|Any CPU
		{B6858F28-B1EE-4D23-832B-C523DA00DA7C}.Debug|Any CPU.Build.0 = Debug|Any CPU
		{B6858F28-B1EE-4D23-832B-C523DA00DA7C}.Release|Any CPU.ActiveCfg = Release|Any CPU
		{B6858F28-B1EE-4D23-832B-C523DA00DA7C}.Release|Any CPU.Build.0 = Release|Any CPU
	EndGlobalSection
	GlobalSection(SolutionProperties) = preSolution
		HideSolutionNode = FALSE
	EndGlobalSection
	GlobalSection(ExtensibilityGlobals) = postSolution
		SolutionGuid = {7E514FA6-D0FF-4E0F-A1C0-2E1C316384A4}
	EndGlobalSection
EndGlobal
